// !$*UTF8*$!
{
	archiveVersion = 1;
	classes = {
	};
	objectVersion = 50;
	objects = {

/* Begin PBXBuildFile section */
		D496965121A2EC7300A15E1F /* MovieDetail.swift in Sources */ = {isa = PBXBuildFile; fileRef = D496965021A2EC7300A15E1F /* MovieDetail.swift */; };
		D4B38B902199B1180028593C /* AppDelegate.swift in Sources */ = {isa = PBXBuildFile; fileRef = D4B38B8F2199B1180028593C /* AppDelegate.swift */; };
		D4B38B922199B1180028593C /* ViewController.swift in Sources */ = {isa = PBXBuildFile; fileRef = D4B38B912199B1180028593C /* ViewController.swift */; };
		D4B38B952199B1180028593C /* Main.storyboard in Resources */ = {isa = PBXBuildFile; fileRef = D4B38B932199B1180028593C /* Main.storyboard */; };
		D4B38B972199B1190028593C /* Assets.xcassets in Resources */ = {isa = PBXBuildFile; fileRef = D4B38B962199B1190028593C /* Assets.xcassets */; };
		D4B38B9A2199B1190028593C /* LaunchScreen.storyboard in Resources */ = {isa = PBXBuildFile; fileRef = D4B38B982199B1190028593C /* LaunchScreen.storyboard */; };
		D4B38BA22199B2420028593C /* Model.swift in Sources */ = {isa = PBXBuildFile; fileRef = D4B38BA12199B2420028593C /* Model.swift */; };
		D4B38BA42199B32A0028593C /* MovieCell.swift in Sources */ = {isa = PBXBuildFile; fileRef = D4B38BA32199B32A0028593C /* MovieCell.swift */; };
		D4B38BA62199B3330028593C /* MovieListViewController.swift in Sources */ = {isa = PBXBuildFile; fileRef = D4B38BA52199B3320028593C /* MovieListViewController.swift */; };
		D4B999CD21BE893700A78202 /* DetailCell.swift in Sources */ = {isa = PBXBuildFile; fileRef = D4B999CC21BE893700A78202 /* DetailCell.swift */; };
/* End PBXBuildFile section */

/* Begin PBXFileReference section */
		D496965021A2EC7300A15E1F /* MovieDetail.swift */ = {isa = PBXFileReference; lastKnownFileType = sourcecode.swift; path = MovieDetail.swift; sourceTree = "<group>"; };
		D4B38B8C2199B1180028593C /* MarvelMovieList.app */ = {isa = PBXFileReference; explicitFileType = wrapper.application; includeInIndex = 0; path = MarvelMovieList.app; sourceTree = BUILT_PRODUCTS_DIR; };
		D4B38B8F2199B1180028593C /* AppDelegate.swift */ = {isa = PBXFileReference; lastKnownFileType = sourcecode.swift; path = AppDelegate.swift; sourceTree = "<group>"; };
		D4B38B912199B1180028593C /* ViewController.swift */ = {isa = PBXFileReference; lastKnownFileType = sourcecode.swift; path = ViewController.swift; sourceTree = "<group>"; };
		D4B38B942199B1180028593C /* Base */ = {isa = PBXFileReference; lastKnownFileType = file.storyboard; name = Base; path = Base.lproj/Main.storyboard; sourceTree = "<group>"; };
		D4B38B962199B1190028593C /* Assets.xcassets */ = {isa = PBXFileReference; lastKnownFileType = folder.assetcatalog; path = Assets.xcassets; sourceTree = "<group>"; };
		D4B38B992199B1190028593C /* Base */ = {isa = PBXFileReference; lastKnownFileType = file.storyboard; name = Base; path = Base.lproj/LaunchScreen.storyboard; sourceTree = "<group>"; };
		D4B38B9B2199B1190028593C /* Info.plist */ = {isa = PBXFileReference; lastKnownFileType = text.plist.xml; path = Info.plist; sourceTree = "<group>"; };
		D4B38BA12199B2420028593C /* Model.swift */ = {isa = PBXFileReference; lastKnownFileType = sourcecode.swift; path = Model.swift; sourceTree = "<group>"; };
		D4B38BA32199B32A0028593C /* MovieCell.swift */ = {isa = PBXFileReference; fileEncoding = 4; lastKnownFileType = sourcecode.swift; path = MovieCell.swift; sourceTree = "<group>"; };
		D4B38BA52199B3320028593C /* MovieListViewController.swift */ = {isa = PBXFileReference; fileEncoding = 4; lastKnownFileType = sourcecode.swift; path = MovieListViewController.swift; sourceTree = "<group>"; };
		D4B999CC21BE893700A78202 /* DetailCell.swift */ = {isa = PBXFileReference; lastKnownFileType = sourcecode.swift; path = DetailCell.swift; sourceTree = "<group>"; };
/* End PBXFileReference section */

/* Begin PBXFrameworksBuildPhase section */
		D4B38B892199B1170028593C /* Frameworks */ = {
			isa = PBXFrameworksBuildPhase;
			buildActionMask = 2147483647;
			files = (
			);
			runOnlyForDeploymentPostprocessing = 0;
		};
/* End PBXFrameworksBuildPhase section */

/* Begin PBXGroup section */
		D4B38B832199B1170028593C = {
			isa = PBXGroup;
			children = (
				D4B38B8E2199B1180028593C /* MarvelMovieList */,
				D4B38B8D2199B1180028593C /* Products */,
			);
			sourceTree = "<group>";
		};
		D4B38B8D2199B1180028593C /* Products */ = {
			isa = PBXGroup;
			children = (
				D4B38B8C2199B1180028593C /* MarvelMovieList.app */,
			);
			name = Products;
			sourceTree = "<group>";
		};
		D4B38B8E2199B1180028593C /* MarvelMovieList */ = {
			isa = PBXGroup;
			children = (
				D4B38B8F2199B1180028593C /* AppDelegate.swift */,
				D4B38B912199B1180028593C /* ViewController.swift */,
				D4B38B932199B1180028593C /* Main.storyboard */,
				D496965021A2EC7300A15E1F /* MovieDetail.swift */,
				D4B38BA12199B2420028593C /* Model.swift */,
				D4B38BA32199B32A0028593C /* MovieCell.swift */,
				D4B999CC21BE893700A78202 /* DetailCell.swift */,
				D4B38BA52199B3320028593C /* MovieListViewController.swift */,
				D4B38B962199B1190028593C /* Assets.xcassets */,
				D4B38B982199B1190028593C /* LaunchScreen.storyboard */,
				D4B38B9B2199B1190028593C /* Info.plist */,
			);
			path = MarvelMovieList;
			sourceTree = "<group>";
		};
/* End PBXGroup section */

/* Begin PBXNativeTarget section */
		D4B38B8B2199B1170028593C /* MarvelMovieList */ = {
			isa = PBXNativeTarget;
			buildConfigurationList = D4B38B9E2199B1190028593C /* Build configuration list for PBXNativeTarget "MarvelMovieList" */;
			buildPhases = (
				D4B38B882199B1170028593C /* Sources */,
				D4B38B892199B1170028593C /* Frameworks */,
				D4B38B8A2199B1170028593C /* Resources */,
			);
			buildRules = (
			);
			dependencies = (
			);
			name = MarvelMovieList;
			productName = MarvelMovieList;
			productReference = D4B38B8C2199B1180028593C /* MarvelMovieList.app */;
			productType = "com.apple.product-type.application";
		};
/* End PBXNativeTarget section */

/* Begin PBXProject section */
		D4B38B842199B1170028593C /* Project object */ = {
			isa = PBXProject;
			attributes = {
				LastSwiftUpdateCheck = 0940;
				LastUpgradeCheck = 0940;
				ORGANIZATIONNAME = comsoft;
				TargetAttributes = {
					D4B38B8B2199B1170028593C = {
						CreatedOnToolsVersion = 9.4.1;
					};
				};
			};
			buildConfigurationList = D4B38B872199B1170028593C /* Build configuration list for PBXProject "MarvelMovieList" */;
			compatibilityVersion = "Xcode 9.3";
			developmentRegion = en;
			hasScannedForEncodings = 0;
			knownRegions = (
				en,
				Base,
			);
			mainGroup = D4B38B832199B1170028593C;
			productRefGroup = D4B38B8D2199B1180028593C /* Products */;
			projectDirPath = "";
			projectRoot = "";
			targets = (
				D4B38B8B2199B1170028593C /* MarvelMovieList */,
			);
		};
/* End PBXProject section */

/* Begin PBXResourcesBuildPhase section */
		D4B38B8A2199B1170028593C /* Resources */ = {
			isa = PBXResourcesBuildPhase;
			buildActionMask = 2147483647;
			files = (
				D4B38B9A2199B1190028593C /* LaunchScreen.storyboard in Resources */,
				D4B38B972199B1190028593C /* Assets.xcassets in Resources */,
				D4B38B952199B1180028593C /* Main.storyboard in Resources */,
			);
			runOnlyForDeploymentPostprocessing = 0;
		};
/* End PBXResourcesBuildPhase section */

/* Begin PBXSourcesBuildPhase section */
		D4B38B882199B1170028593C /* Sources */ = {
			isa = PBXSourcesBuildPhase;
			buildActionMask = 2147483647;
			files = (
				D4B38BA22199B2420028593C /* Model.swift in Sources */,
				D4B38BA62199B3330028593C /* MovieListViewController.swift in Sources */,
				D4B38B922199B1180028593C /* ViewController.swift in Sources */,
				D496965121A2EC7300A15E1F /* MovieDetail.swift in Sources */,
				D4B38BA42199B32A0028593C /* MovieCell.swift in Sources */,
				D4B999CD21BE893700A78202 /* DetailCell.swift in Sources */,
				D4B38B902199B1180028593C /* AppDelegate.swift in Sources */,
			);
			runOnlyForDeploymentPostprocessing = 0;
		};
/* End PBXSourcesBuildPhase section */

/* Begin PBXVariantGroup section */
		D4B38B932199B1180028593C /* Main.storyboard */ = {
			isa = PBXVariantGroup;
			children = (
				D4B38B942199B1180028593C /* Base */,
			);
			name = Main.storyboard;
			sourceTree = "<group>";
		};
		D4B38B982199B1190028593C /* LaunchScreen.storyboard */ = {
			isa = PBXVariantGroup;
			children = (
				D4B38B992199B1190028593C /* Base */,
			);
			name = LaunchScreen.storyboard;
			sourceTree = "<group>";
		};
/* End PBXVariantGroup section */

/* Begin XCBuildConfiguration section */
		D4B38B9C2199B1190028593C /* Debug */ = {
			isa = XCBuildConfiguration;
			buildSettings = {
				ALWAYS_SEARCH_USER_PATHS = NO;
				CLANG_ANALYZER_NONNULL = YES;
				CLANG_ANALYZER_NUMBER_OBJECT_CONVERSION = YES_AGGRESSIVE;
				CLANG_CXX_LANGUAGE_STANDARD = "gnu++14";
				CLANG_CXX_LIBRARY = "libc++";
				CLANG_ENABLE_MODULES = YES;
				CLANG_ENABLE_OBJC_ARC = YES;
				CLANG_ENABLE_OBJC_WEAK = YES;
				CLANG_WARN_BLOCK_CAPTURE_AUTORELEASING = YES;
				CLANG_WARN_BOOL_CONVERSION = YES;
				CLANG_WARN_COMMA = YES;
				CLANG_WARN_CONSTANT_CONVERSION = YES;
				CLANG_WARN_DEPRECATED_OBJC_IMPLEMENTATIONS = YES;
				CLANG_WARN_DIRECT_OBJC_ISA_USAGE = YES_ERROR;
				CLANG_WARN_DOCUMENTATION_COMMENTS = YES;
				CLANG_WARN_EMPTY_BODY = YES;
				CLANG_WARN_ENUM_CONVERSION = YES;
				CLANG_WARN_INFINITE_RECURSION = YES;
				CLANG_WARN_INT_CONVERSION = YES;
				CLANG_WARN_NON_LITERAL_NULL_CONVERSION = YES;
				CLANG_WARN_OBJC_IMPLICIT_RETAIN_SELF = YES;
				CLANG_WARN_OBJC_LITERAL_CONVERSION = YES;
				CLANG_WARN_OBJC_ROOT_CLASS = YES_ERROR;
				CLANG_WARN_RANGE_LOOP_ANALYSIS = YES;
				CLANG_WARN_STRICT_PROTOTYPES = YES;
				CLANG_WARN_SUSPICIOUS_MOVE = YES;
				CLANG_WARN_UNGUARDED_AVAILABILITY = YES_AGGRESSIVE;
				CLANG_WARN_UNREACHABLE_CODE = YES;
				CLANG_WARN__DUPLICATE_METHOD_MATCH = YES;
				CODE_SIGN_IDENTITY = "iPhone Developer";
				COPY_PHASE_STRIP = NO;
				DEBUG_INFORMATION_FORMAT = dwarf;
				ENABLE_STRICT_OBJC_MSGSEND = YES;
				ENABLE_TESTABILITY = YES;
				GCC_C_LANGUAGE_STANDARD = gnu11;
				GCC_DYNAMIC_NO_PIC = NO;
				GCC_NO_COMMON_BLOCKS = YES;
				GCC_OPTIMIZATION_LEVEL = 0;
				GCC_PREPROCESSOR_DEFINITIONS = (
					"DEBUG=1",
					"$(inherited)",
				);
				GCC_WARN_64_TO_32_BIT_CONVERSION = YES;
				GCC_WARN_ABOUT_RETURN_TYPE = YES_ERROR;
				GCC_WARN_UNDECLARED_SELECTOR = YES;
				GCC_WARN_UNINITIALIZED_AUTOS = YES_AGGRESSIVE;
				GCC_WARN_UNUSED_FUNCTION = YES;
				GCC_WARN_UNUSED_VARIABLE = YES;
				IPHONEOS_DEPLOYMENT_TARGET = 11.4;
				MTL_ENABLE_DEBUG_INFO = YES;
				ONLY_ACTIVE_ARCH = YES;
				SDKROOT = iphoneos;
				SWIFT_ACTIVE_COMPILATION_CONDITIONS = DEBUG;
				SWIFT_OPTIMIZATION_LEVEL = "-Onone";
			};
			name = Debug;
		};
		D4B38B9D2199B1190028593C /* Release */ = {
			isa = XCBuildConfiguration;
			buildSettings = {
				ALWAYS_SEARCH_USER_PATHS = NO;
				CLANG_ANALYZER_NONNULL = YES;
				CLANG_ANALYZER_NUMBER_OBJECT_CONVERSION = YES_AGGRESSIVE;
				CLANG_CXX_LANGUAGE_STANDARD = "gnu++14";
				CLANG_CXX_LIBRARY = "libc++";
				CLANG_ENABLE_MODULES = YES;
				CLANG_ENABLE_OBJC_ARC = YES;
				CLANG_ENABLE_OBJC_WEAK = YES;
				CLANG_WARN_BLOCK_CAPTURE_AUTORELEASING = YES;
				CLANG_WARN_BOOL_CONVERSION = YES;
				CLANG_WARN_COMMA = YES;
				CLANG_WARN_CONSTANT_CONVERSION = YES;
				CLANG_WARN_DEPRECATED_OBJC_IMPLEMENTATIONS = YES;
				CLANG_WARN_DIRECT_OBJC_ISA_USAGE = YES_ERROR;
				CLANG_WARN_DOCUMENTATION_COMMENTS = YES;
				CLANG_WARN_EMPTY_BODY = YES;
				CLANG_WARN_ENUM_CONVERSION = YES;
				CLANG_WARN_INFINITE_RECURSION = YES;
				CLANG_WARN_INT_CONVERSION = YES;
				CLANG_WARN_NON_LITERAL_NULL_CONVERSION = YES;
				CLANG_WARN_OBJC_IMPLICIT_RETAIN_SELF = YES;
				CLANG_WARN_OBJC_LITERAL_CONVERSION = YES;
				CLANG_WARN_OBJC_ROOT_CLASS = YES_ERROR;
				CLANG_WARN_RANGE_LOOP_ANALYSIS = YES;
				CLANG_WARN_STRICT_PROTOTYPES = YES;
				CLANG_WARN_SUSPICIOUS_MOVE = YES;
				CLANG_WARN_UNGUARDED_AVAILABILITY = YES_AGGRESSIVE;
				CLANG_WARN_UNREACHABLE_CODE = YES;
				CLANG_WARN__DUPLICATE_METHOD_MATCH = YES;
				CODE_SIGN_IDENTITY = "iPhone Developer";
				COPY_PHASE_STRIP = NO;
				DEBUG_INFORMATION_FORMAT = "dwarf-with-dsym";
				ENABLE_NS_ASSERTIONS = NO;
				ENABLE_STRICT_OBJC_MSGSEND = YES;
				GCC_C_LANGUAGE_STANDARD = gnu11;
				GCC_NO_COMMON_BLOCKS = YES;
				GCC_WARN_64_TO_32_BIT_CONVERSION = YES;
				GCC_WARN_ABOUT_RETURN_TYPE = YES_ERROR;
				GCC_WARN_UNDECLARED_SELECTOR = YES;
				GCC_WARN_UNINITIALIZED_AUTOS = YES_AGGRESSIVE;
				GCC_WARN_UNUSED_FUNCTION = YES;
				GCC_WARN_UNUSED_VARIABLE = YES;
				IPHONEOS_DEPLOYMENT_TARGET = 11.4;
				MTL_ENABLE_DEBUG_INFO = NO;
				SDKROOT = iphoneos;
				SWIFT_COMPILATION_MODE = wholemodule;
				SWIFT_OPTIMIZATION_LEVEL = "-O";
				VALIDATE_PRODUCT = YES;
			};
			name = Release;
		};
		D4B38B9F2199B1190028593C /* Debug */ = {
			isa = XCBuildConfiguration;
			buildSettings = {
				ASSETCATALOG_COMPILER_APPICON_NAME = AppIcon;
				CODE_SIGN_STYLE = Automatic;
				INFOPLIST_FILE = MarvelMovieList/Info.plist;
				LD_RUNPATH_SEARCH_PATHS = (
					"$(inherited)",
					"@executable_path/Frameworks",
				);
				PRODUCT_BUNDLE_IDENTIFIER = kr.ac.induk.lhj.MarvelMovieList;
				PRODUCT_NAME = "$(TARGET_NAME)";
				SWIFT_VERSION = 4.0;
				TARGETED_DEVICE_FAMILY = "1,2";
			};
			name = Debug;
		};
		D4B38BA02199B1190028593C /* Release */ = {
			isa = XCBuildConfiguration;
			buildSettings = {
				ASSETCATALOG_COMPILER_APPICON_NAME = AppIcon;
				CODE_SIGN_STYLE = Automatic;
				INFOPLIST_FILE = MarvelMovieList/Info.plist;
				LD_RUNPATH_SEARCH_PATHS = (
					"$(inherited)",
					"@executable_path/Frameworks",
				);
				PRODUCT_BUNDLE_IDENTIFIER = kr.ac.induk.lhj.MarvelMovieList;
				PRODUCT_NAME = "$(TARGET_NAME)";
				SWIFT_VERSION = 4.0;
				TARGETED_DEVICE_FAMILY = "1,2";
			};
			name = Release;
		};
/* End XCBuildConfiguration section */

/* Begin XCConfigurationList section */
		D4B38B872199B1170028593C /* Build configuration list for PBXProject "MarvelMovieList" */ = {
			isa = XCConfigurationList;
			buildConfigurations = (
				D4B38B9C2199B1190028593C /* Debug */,
				D4B38B9D2199B1190028593C /* Release */,
			);
			defaultConfigurationIsVisible = 0;
			defaultConfigurationName = Release;
		};
		D4B38B9E2199B1190028593C /* Build configuration list for PBXNativeTarget "MarvelMovieList" */ = {
			isa = XCConfigurationList;
			buildConfigurations = (
				D4B38B9F2199B1190028593C /* Debug */,
				D4B38BA02199B1190028593C /* Release */,
			);
			defaultConfigurationIsVisible = 0;
			defaultConfigurationName = Release;
		};
/* End XCConfigurationList section */
	};
	rootObject = D4B38B842199B1170028593C /* Project object */;
}
